github.com/big-squid/go-logging v0.0.2 h1:xfb6UBf/5MdvDwt/Y79c/NKJyyf1tnN8OWjuw4Btvng=
github.com/big-squid/go-logging v0.0.2/go.mod h1:hynwIqA77ZYPggtuxKFXkN4qjt9LstypKz8vtdAHPts=
github.com/fatih/color v1.6.0 h1:66qjqZk8kalYAvDRtM1AdAJQI0tj4Wrue3Eq3B3pmFU=
github.com/fatih/color v1.6.0/go.mod h1:Zm6kSWBoL9eyXnKyktHP6abPY2pDugNf5KwzbycvMj4=
github.com/mattn/go-colorable v0.0.0-20180205070158-7dc3415be66d h1:Al+xYJObawpVYdtjyHMfT4sOTkbtbAYbV/Q0Qf0/JQs=
github.com/mattn/go-colorable v0.0.0-20180205070158-7dc3415be66d/go.mod h1:9vuHe8Xs5qXnSaW/c/ABM9alt+Vo+STaOChaDxuIBZU=
github.com/mattn/go-isatty v0.0.4 h1:bnP0vzxcAdeI1zdubAl5PjU6zsERjGZb7raWodagDYs=
github.com/mattn/go-isatty v0.0.4/go.mod h1:M+lRXTBqGeGNdLjl/ufCoiOlB5xdOkqRJdNxMWT7Zi4=
golang.org/x/sys v0.0.0-20190830142957-1e83adbbebd0 h1:7z820YPX9pxWR59qM7BE5+fglp4D/mKqAwCvGt11b+8=
golang.org/x/sys v0.0.0-20190830142957-1e83adbbebd0/go.mod h1:h1NjWce9XRLGQEsW7wpKNCjG9DtNlClVuFLEZdDNbEs=
